
Microsoft Visual Studio Solution File, Format Version 12.00
# Visual Studio Version 16
VisualStudioVersion = 16.0.30104.148
MinimumVisualStudioVersion = 10.0.40219.1
Project("{9A19103F-16F7-4668-BE54-9A1E7A4F7556}") = "BetterIOT.Service", "BetterIOT.Service.csproj", "{976B5CE0-F1DB-4E2A-96C3-B4B342CBE86E}"
EndProject
Project("{9A19103F-16F7-4668-BE54-9A1E7A4F7556}") = "BetterIOT.Common", "..\BetterIOT.Common\BetterIOT.Common.csproj", "{4371D4CD-8FBD-4AE6-93F3-78E5BB67A457}"
EndProject
Project("{2150E333-8FDC-42A3-9474-1A3956D46DE8}") = "Drive", "Drive", "{AC1A5E03-987D-41B3-85D1-5885A83648AA}"
EndProject
Project("{9A19103F-16F7-4668-BE54-9A1E7A4F7556}") = "Drive.ModbusRTU", "..\Drive\Drive.ModbusRTU\Drive.ModbusRTU.csproj", "{7006EE3D-5BA4-46D3-B4EE-D391A73DC212}"
EndProject
Project("{9A19103F-16F7-4668-BE54-9A1E7A4F7556}") = "Drive.DLT645", "..\Drive\Drive.DLT645\Drive.DLT645.csproj", "{6D43DA81-1913-4A85-AC4D-0713C7C26451}"
EndProject
Project("{9A19103F-16F7-4668-BE54-9A1E7A4F7556}") = "Drive.GBxfxy", "..\Drive\Drive.GBxfxy\Drive.GBxfxy.csproj", "{2F78236C-ACB7-4276-BEC9-384731BBF8AC}"
EndProject
Project("{9A19103F-16F7-4668-BE54-9A1E7A4F7556}") = "Drive.Siemens.PLC.S7Net", "..\Drive\Drive.Siemens.PLC.S7Net\Drive.Siemens.PLC.S7Net.csproj", "{D8A84C30-8693-46B5-B0A1-55B91427DA07}"
EndProject
Project("{9A19103F-16F7-4668-BE54-9A1E7A4F7556}") = "Drive.Siemens.PLC.FetchWrite", "..\Drive\Drive.Siemens.FetchWrite\Drive.Siemens.PLC.FetchWrite.csproj", "{E9DAA187-88C7-46D0-8098-2A50A48B1264}"
EndProject
Project("{9A19103F-16F7-4668-BE54-9A1E7A4F7556}") = "Drive.Siemens.PLC.MPI", "..\Drive\Drive.Siemens.PLC.MPI\Drive.Siemens.PLC.MPI.csproj", "{46D71971-6AD0-4310-A590-100986EFBC05}"
EndProject
Project("{9A19103F-16F7-4668-BE54-9A1E7A4F7556}") = "Drive.Siemens.PLC.PPI", "..\Drive\Drive.Siemens.PLC.PPI\Drive.Siemens.PLC.PPI.csproj", "{1D364296-6628-486E-AA22-8D6DFFD8A385}"
EndProject
Project("{9A19103F-16F7-4668-BE54-9A1E7A4F7556}") = "Drive.Siemens.PLC.PPIOverTcp", "..\Drive\Drive.Siemens.PLC.PPIOverTcp\Drive.Siemens.PLC.PPIOverTcp.csproj", "{09FD1300-34A2-47B0-A388-FF2B03FDDE84}"
EndProject
Project("{9A19103F-16F7-4668-BE54-9A1E7A4F7556}") = "Drive.Mitsubishi.PLC.A1EAsciiNet", "..\Drive\Drive.Mitsubishi.PLC.A1EAsciiNet\Drive.Mitsubishi.PLC.A1EAsciiNet.csproj", "{0B8DFD26-43A2-49BF-B8D6-C1388FEDEDDE}"
EndProject
Project("{9A19103F-16F7-4668-BE54-9A1E7A4F7556}") = "BetterIOT.Hsl.Template", "..\BetterIOT.Hsl.Template\BetterIOT.Hsl.Template.csproj", "{FC9F2112-B42C-445D-BA5A-2F14234A7BBB}"
EndProject
Project("{9A19103F-16F7-4668-BE54-9A1E7A4F7556}") = "Drive.Mitsubishi.PLC.A1ENetBinary", "..\Drive\Drive.Mitsubishi.PLC.A1ENetBinary\Drive.Mitsubishi.PLC.A1ENetBinary.csproj", "{9A94DF1D-DC06-4802-A166-79C52AEABF38}"
EndProject
Project("{9A19103F-16F7-4668-BE54-9A1E7A4F7556}") = "Drive.Mitsubishi.PLC.Melsec3C", "..\Drive\Drive.Mitsubishi.PLC.Melsec3C\Drive.Mitsubishi.PLC.Melsec3C.csproj", "{088C3254-31EF-4893-87CF-BA0CF2B9C16E}"
EndProject
Project("{9A19103F-16F7-4668-BE54-9A1E7A4F7556}") = "Drive.Mitsubishi.PLC.Melsec3COverTcp", "..\Drive\Drive.Mitsubishi.PLC.Melsec3COverTcp\Drive.Mitsubishi.PLC.Melsec3COverTcp.csproj", "{4AC8D61C-9152-4ABE-800B-51BD9BD7B5AD}"
EndProject
Project("{9A19103F-16F7-4668-BE54-9A1E7A4F7556}") = "Drive.Mitsubishi.PLC.MelsecMcAsciiNe", "..\Drive\Drive.Mitsubishi.PLC.MelsecMcAsciiNet\Drive.Mitsubishi.PLC.MelsecMcAsciiNe.csproj", "{8A640829-BF6E-475B-8CA2-826C6E5DEE1F}"
EndProject
Project("{9A19103F-16F7-4668-BE54-9A1E7A4F7556}") = "Drive.Mitsubishi.PLC.MelsecMcAscii_Udp", "..\Drive\Drive.Mitsubishi.PLC.MelsecMcAscii_Udp\Drive.Mitsubishi.PLC.MelsecMcAscii_Udp.csproj", "{F3172FF0-7280-48D3-A669-49F6A856138D}"
EndProject
Project("{9A19103F-16F7-4668-BE54-9A1E7A4F7556}") = "Drive.Mitsubishi.PLC.Melsec_Binary", "..\Drive\Drive.Mitsubishi.PLC.Melsec_Binary\Drive.Mitsubishi.PLC.Melsec_Binary.csproj", "{C761BD07-1D6F-464F-BE2D-2BC2995A2CE2}"
EndProject
Project("{9A19103F-16F7-4668-BE54-9A1E7A4F7556}") = "TestDrive", "..\Drive\TestDrive\TestDrive.csproj", "{BF71F457-87A2-436A-90C4-683A86615C3B}"
EndProject
Project("{9A19103F-16F7-4668-BE54-9A1E7A4F7556}") = "Drive.Mitsubishi.PLC.MelsecFx_Links", "..\Drive\Drive.Mitsubishi.PLC.MelsecFx_Links\Drive.Mitsubishi.PLC.MelsecFx_Links.csproj", "{B663F566-44F5-464E-91F6-A1C504BBB0CD}"
EndProject
Project("{9A19103F-16F7-4668-BE54-9A1E7A4F7556}") = "Drive.Mitsubishi.PLC.MelsecFx_LinksOverTcp", "..\Drive\Drive.Mitsubishi.PLC.MelsecFx_LinksOverTcp\Drive.Mitsubishi.PLC.MelsecFx_LinksOverTcp.csproj", "{41009216-9E4D-41D1-AB24-7A8AAF347AEE}"
EndProject
Project("{9A19103F-16F7-4668-BE54-9A1E7A4F7556}") = "Drive.Mitsubishi.PLC.MelsecR_Binary", "..\Drive\Drive.Mitsubishi.PLC.MelsecR_Binary\Drive.Mitsubishi.PLC.MelsecR_Binary.csproj", "{739EE9DE-312C-4E3E-9A6E-295EA67A65CA}"
EndProject
Project("{9A19103F-16F7-4668-BE54-9A1E7A4F7556}") = "Drive.Mitsubishi.PLC.Melsec_Serial", "..\Drive\Drive.Mitsubishi.PLC.Melsec_Serial\Drive.Mitsubishi.PLC.Melsec_Serial.csproj", "{CADD4214-0838-4AD4-8C38-D82D0F25A761}"
EndProject
Project("{9A19103F-16F7-4668-BE54-9A1E7A4F7556}") = "Drive.Mitsubishi.PLC.MelsecFx_SerialOverTcp", "..\Drive\Drive.Mitsubishi.PLC.MelsecFx_SerialOverTcp\Drive.Mitsubishi.PLC.MelsecFx_SerialOverTcp.csproj", "{A8501BE2-E749-448C-86FA-9CB98B0BB63F}"
EndProject
Project("{9A19103F-16F7-4668-BE54-9A1E7A4F7556}") = "Drive.Mitsubishi.PLC.MelsecMc_Udp", "..\Drive\Drive.Mitsubishi.PLC.MelsecMc_Udp\Drive.Mitsubishi.PLC.MelsecMc_Udp.csproj", "{C68B0C58-48F4-4B44-AA17-829A7B098194}"
EndProject
Project("{9A19103F-16F7-4668-BE54-9A1E7A4F7556}") = "Drive.Omron.PLC.FinsTcp", "..\Drive\Drive.Omron.PLC.FinsTcp\Drive.Omron.PLC.FinsTcp.csproj", "{AF883360-1EC3-4238-921E-C2B456C3C7E7}"
EndProject
Project("{9A19103F-16F7-4668-BE54-9A1E7A4F7556}") = "Drive.Omron.PLC.FinsUdp", "..\Drive\Drive.Omron.PLC.FinsUdp\Drive.Omron.PLC.FinsUdp.csproj", "{F290331E-632F-45D9-AC29-9160657FFE1E}"
EndProject
Project("{9A19103F-16F7-4668-BE54-9A1E7A4F7556}") = "Drive.Omron.PLC.FinsHostLink", "..\Drive\Drive.Omron.PLC.FinsHostLink\Drive.Omron.PLC.FinsHostLink.csproj", "{8D14A216-8560-45C8-8F2F-E6E6B638443A}"
EndProject
Project("{9A19103F-16F7-4668-BE54-9A1E7A4F7556}") = "Drive.Omron.PLC.FinsHostLinkOverTCP", "..\Drive\Drive.Omron.PLC.FinsHostLinkOverTCP\Drive.Omron.PLC.FinsHostLinkOverTCP.csproj", "{B403FC47-B79C-4BE5-BE93-B501CAEF5106}"
EndProject
Project("{9A19103F-16F7-4668-BE54-9A1E7A4F7556}") = "Drive.Omron.PLC.CipNet", "..\Drive\Drive.Omron.PLC.CipNet\Drive.Omron.PLC.CipNet.csproj", "{D4075245-DA2D-46B8-84FC-93F675BAA400}"
EndProject
Project("{9A19103F-16F7-4668-BE54-9A1E7A4F7556}") = "Drive.LSIS.PLC.XGB_FastEnet", "..\Drive\Drive.LSIS.PLC.XGBFastEnet\Drive.LSIS.PLC.XGB_FastEnet.csproj", "{3CB43C56-4383-4237-B5C0-4090FB8E755C}"
EndProject
Project("{9A19103F-16F7-4668-BE54-9A1E7A4F7556}") = "Drive.LSIS.PLC.XGBC_net", "..\Drive\Drive.LSIS.PLC.XGBC_net\Drive.LSIS.PLC.XGBC_net.csproj", "{0E596FFD-4B99-4D36-8363-B599E8D75373}"
EndProject
Project("{9A19103F-16F7-4668-BE54-9A1E7A4F7556}") = "Drive.LSIS.PLC.XGBC_netOverTcp", "..\Drive\Drive.LSIS.PLC.XGBC_netOverTcp\Drive.LSIS.PLC.XGBC_netOverTcp.csproj", "{A2433E9E-6C40-4458-BE49-3BC9EA6461C7}"
EndProject
Project("{9A19103F-16F7-4668-BE54-9A1E7A4F7556}") = "Drive.Panasonic.PLC.Mewtocol", "..\Drive\Drive.Panasonic.PLC.Mewtocol\Drive.Panasonic.PLC.Mewtocol.csproj", "{7E7B99FE-1EE9-4586-AEEB-D9F9B777D28F}"
EndProject
Project("{9A19103F-16F7-4668-BE54-9A1E7A4F7556}") = "Drive.Panasonic.PLC.MewtocolOverTcp", "..\Drive\Drive.Panasonic.PLC.MewtocolOverTcp\Drive.Panasonic.PLC.MewtocolOverTcp.csproj", "{3C75C1EE-F875-417F-8379-FA733D3FC650}"
EndProject
Project("{9A19103F-16F7-4668-BE54-9A1E7A4F7556}") = "Drive.Panasonic.PLC.MC_3E _Binary", "..\Drive\Drive.Panasonic.PLC.MC_3E _Binary\Drive.Panasonic.PLC.MC_3E _Binary.csproj", "{FAEC1507-DAD4-4E59-A30F-3AFDC1C809F9}"
EndProject
Project("{FAE04EC0-301F-11D3-BF4B-00C04F79EFBC}") = "Drive.Keyence.PLC.MC_3E_Binary", "..\Drive\Drive.Keyence.PLC.MC_3E_Binary\Drive.Keyence.PLC.MC_3E_Binary.csproj", "{2230B848-819F-460B-8F47-36520AEE8D3C}"
EndProject
Project("{FAE04EC0-301F-11D3-BF4B-00C04F79EFBC}") = "Drive.Keyence.PLC.MC_3E_ASCII", "..\Drive\Drive.Keyence.PLC.MC_3E_ASCII\Drive.Keyence.PLC.MC_3E_ASCII.csproj", "{D60ED6E9-DD4D-4426-B40B-64D1B8803E49}"
EndProject
Project("{FAE04EC0-301F-11D3-BF4B-00C04F79EFBC}") = "Drive.Keyence.PLC.Nano_ASCII", "..\Drive\Drive.Keyence.PLC.Nano_ASCII\Drive.Keyence.PLC.Nano_ASCII.csproj", "{3712F466-96C7-4220-839E-BADE5218ECC9}"
EndProject
Project("{FAE04EC0-301F-11D3-BF4B-00C04F79EFBC}") = "Drive.Keyence.PLC.Nano_SerialOverTcp", "..\Drive\Drive.Keyence.PLC.Nano_SerialOverTcp\Drive.Keyence.PLC.Nano_SerialOverTcp.csproj", "{3F33353C-57E8-4A4D-8868-BDCA9D946CF7}"
EndProject
Project("{FAE04EC0-301F-11D3-BF4B-00C04F79EFBC}") = "Drive.FATEK.PLC.ProgramPort", "..\Drive\Drive.FATEK.PLC.ProgramPort\Drive.FATEK.PLC.ProgramPort.csproj", "{44DCEE9C-0F54-44B3-89F8-E37B9F619A8C}"
EndProject
Project("{FAE04EC0-301F-11D3-BF4B-00C04F79EFBC}") = "Drive.FATEK.PLC.ProgrameOverTcp", "..\Drive\Drive.FATEK.PLC.ProgrameOverTcp\Drive.FATEK.PLC.ProgrameOverTcp.csproj", "{0F6DC714-4C6F-450B-8356-50F442A01E1A}"
EndProject
Project("{FAE04EC0-301F-11D3-BF4B-00C04F79EFBC}") = "Drive.AllenBradley.PLC.LogixTcp", "..\Drive\Drive.AllenBradley.PLC.LogixTcp\Drive.AllenBradley.PLC.LogixTcp.csproj", "{607A14CE-24CB-4A5F-815D-BD5E947741CD}"
EndProject
Project("{FAE04EC0-301F-11D3-BF4B-00C04F79EFBC}") = "Drive.AllenBradley.PLC.MicroCip", "..\Drive\Drive.AllenBradley.PLC.MicroCip\Drive.AllenBradley.PLC.MicroCip.csproj", "{01AE5D24-8F05-4559-9D70-E40967E8F34B}"
EndProject
Project("{FAE04EC0-301F-11D3-BF4B-00C04F79EFBC}") = "Drive.Fuji.PLC.SPB", "..\Drive\Drive.Fuji.PLC.SPB\Drive.Fuji.PLC.SPB.csproj", "{8DCED28E-7AC7-4C55-B115-9AE9D6FF65D6}"
EndProject
Project("{FAE04EC0-301F-11D3-BF4B-00C04F79EFBC}") = "Drive.Fuji.PLC.SPBOverTcp", "..\Drive\Drive.Fuji.PLC.SPBOverTcp\Drive.Fuji.PLC.SPBOverTcp.csproj", "{9B6BE4F7-56E1-4DE3-A2BE-5049D0C5BD59}"
EndProject
Global
	GlobalSection(SolutionConfigurationPlatforms) = preSolution
		Debug|Any CPU = Debug|Any CPU
		Release|Any CPU = Release|Any CPU
	EndGlobalSection
	GlobalSection(ProjectConfigurationPlatforms) = postSolution
		{976B5CE0-F1DB-4E2A-96C3-B4B342CBE86E}.Debug|Any CPU.ActiveCfg = Debug|Any CPU
		{976B5CE0-F1DB-4E2A-96C3-B4B342CBE86E}.Debug|Any CPU.Build.0 = Debug|Any CPU
		{976B5CE0-F1DB-4E2A-96C3-B4B342CBE86E}.Release|Any CPU.ActiveCfg = Release|Any CPU
		{976B5CE0-F1DB-4E2A-96C3-B4B342CBE86E}.Release|Any CPU.Build.0 = Release|Any CPU
		{4371D4CD-8FBD-4AE6-93F3-78E5BB67A457}.Debug|Any CPU.ActiveCfg = Debug|Any CPU
		{4371D4CD-8FBD-4AE6-93F3-78E5BB67A457}.Debug|Any CPU.Build.0 = Debug|Any CPU
		{4371D4CD-8FBD-4AE6-93F3-78E5BB67A457}.Release|Any CPU.ActiveCfg = Release|Any CPU
		{4371D4CD-8FBD-4AE6-93F3-78E5BB67A457}.Release|Any CPU.Build.0 = Release|Any CPU
		{7006EE3D-5BA4-46D3-B4EE-D391A73DC212}.Debug|Any CPU.ActiveCfg = Debug|Any CPU
		{7006EE3D-5BA4-46D3-B4EE-D391A73DC212}.Debug|Any CPU.Build.0 = Debug|Any CPU
		{7006EE3D-5BA4-46D3-B4EE-D391A73DC212}.Release|Any CPU.ActiveCfg = Release|Any CPU
		{7006EE3D-5BA4-46D3-B4EE-D391A73DC212}.Release|Any CPU.Build.0 = Release|Any CPU
		{6D43DA81-1913-4A85-AC4D-0713C7C26451}.Debug|Any CPU.ActiveCfg = Debug|Any CPU
		{6D43DA81-1913-4A85-AC4D-0713C7C26451}.Debug|Any CPU.Build.0 = Debug|Any CPU
		{6D43DA81-1913-4A85-AC4D-0713C7C26451}.Release|Any CPU.ActiveCfg = Release|Any CPU
		{6D43DA81-1913-4A85-AC4D-0713C7C26451}.Release|Any CPU.Build.0 = Release|Any CPU
		{2F78236C-ACB7-4276-BEC9-384731BBF8AC}.Debug|Any CPU.ActiveCfg = Debug|Any CPU
		{2F78236C-ACB7-4276-BEC9-384731BBF8AC}.Debug|Any CPU.Build.0 = Debug|Any CPU
		{2F78236C-ACB7-4276-BEC9-384731BBF8AC}.Release|Any CPU.ActiveCfg = Release|Any CPU
		{2F78236C-ACB7-4276-BEC9-384731BBF8AC}.Release|Any CPU.Build.0 = Release|Any CPU
		{D8A84C30-8693-46B5-B0A1-55B91427DA07}.Debug|Any CPU.ActiveCfg = Debug|Any CPU
		{D8A84C30-8693-46B5-B0A1-55B91427DA07}.Debug|Any CPU.Build.0 = Debug|Any CPU
		{D8A84C30-8693-46B5-B0A1-55B91427DA07}.Release|Any CPU.ActiveCfg = Release|Any CPU
		{D8A84C30-8693-46B5-B0A1-55B91427DA07}.Release|Any CPU.Build.0 = Release|Any CPU
		{E9DAA187-88C7-46D0-8098-2A50A48B1264}.Debug|Any CPU.ActiveCfg = Debug|Any CPU
		{E9DAA187-88C7-46D0-8098-2A50A48B1264}.Debug|Any CPU.Build.0 = Debug|Any CPU
		{E9DAA187-88C7-46D0-8098-2A50A48B1264}.Release|Any CPU.ActiveCfg = Release|Any CPU
		{E9DAA187-88C7-46D0-8098-2A50A48B1264}.Release|Any CPU.Build.0 = Release|Any CPU
		{46D71971-6AD0-4310-A590-100986EFBC05}.Debug|Any CPU.ActiveCfg = Debug|Any CPU
		{46D71971-6AD0-4310-A590-100986EFBC05}.Debug|Any CPU.Build.0 = Debug|Any CPU
		{46D71971-6AD0-4310-A590-100986EFBC05}.Release|Any CPU.ActiveCfg = Release|Any CPU
		{46D71971-6AD0-4310-A590-100986EFBC05}.Release|Any CPU.Build.0 = Release|Any CPU
		{1D364296-6628-486E-AA22-8D6DFFD8A385}.Debug|Any CPU.ActiveCfg = Debug|Any CPU
		{1D364296-6628-486E-AA22-8D6DFFD8A385}.Debug|Any CPU.Build.0 = Debug|Any CPU
		{1D364296-6628-486E-AA22-8D6DFFD8A385}.Release|Any CPU.ActiveCfg = Release|Any CPU
		{1D364296-6628-486E-AA22-8D6DFFD8A385}.Release|Any CPU.Build.0 = Release|Any CPU
		{09FD1300-34A2-47B0-A388-FF2B03FDDE84}.Debug|Any CPU.ActiveCfg = Debug|Any CPU
		{09FD1300-34A2-47B0-A388-FF2B03FDDE84}.Debug|Any CPU.Build.0 = Debug|Any CPU
		{09FD1300-34A2-47B0-A388-FF2B03FDDE84}.Release|Any CPU.ActiveCfg = Release|Any CPU
		{09FD1300-34A2-47B0-A388-FF2B03FDDE84}.Release|Any CPU.Build.0 = Release|Any CPU
		{0B8DFD26-43A2-49BF-B8D6-C1388FEDEDDE}.Debug|Any CPU.ActiveCfg = Debug|Any CPU
		{0B8DFD26-43A2-49BF-B8D6-C1388FEDEDDE}.Debug|Any CPU.Build.0 = Debug|Any CPU
		{0B8DFD26-43A2-49BF-B8D6-C1388FEDEDDE}.Release|Any CPU.ActiveCfg = Release|Any CPU
		{0B8DFD26-43A2-49BF-B8D6-C1388FEDEDDE}.Release|Any CPU.Build.0 = Release|Any CPU
		{FC9F2112-B42C-445D-BA5A-2F14234A7BBB}.Debug|Any CPU.ActiveCfg = Debug|Any CPU
		{FC9F2112-B42C-445D-BA5A-2F14234A7BBB}.Debug|Any CPU.Build.0 = Debug|Any CPU
		{FC9F2112-B42C-445D-BA5A-2F14234A7BBB}.Release|Any CPU.ActiveCfg = Release|Any CPU
		{FC9F2112-B42C-445D-BA5A-2F14234A7BBB}.Release|Any CPU.Build.0 = Release|Any CPU
		{9A94DF1D-DC06-4802-A166-79C52AEABF38}.Debug|Any CPU.ActiveCfg = Debug|Any CPU
		{9A94DF1D-DC06-4802-A166-79C52AEABF38}.Debug|Any CPU.Build.0 = Debug|Any CPU
		{9A94DF1D-DC06-4802-A166-79C52AEABF38}.Release|Any CPU.ActiveCfg = Release|Any CPU
		{9A94DF1D-DC06-4802-A166-79C52AEABF38}.Release|Any CPU.Build.0 = Release|Any CPU
		{088C3254-31EF-4893-87CF-BA0CF2B9C16E}.Debug|Any CPU.ActiveCfg = Debug|Any CPU
		{088C3254-31EF-4893-87CF-BA0CF2B9C16E}.Debug|Any CPU.Build.0 = Debug|Any CPU
		{088C3254-31EF-4893-87CF-BA0CF2B9C16E}.Release|Any CPU.ActiveCfg = Release|Any CPU
		{088C3254-31EF-4893-87CF-BA0CF2B9C16E}.Release|Any CPU.Build.0 = Release|Any CPU
		{4AC8D61C-9152-4ABE-800B-51BD9BD7B5AD}.Debug|Any CPU.ActiveCfg = Debug|Any CPU
		{4AC8D61C-9152-4ABE-800B-51BD9BD7B5AD}.Debug|Any CPU.Build.0 = Debug|Any CPU
		{4AC8D61C-9152-4ABE-800B-51BD9BD7B5AD}.Release|Any CPU.ActiveCfg = Release|Any CPU
		{4AC8D61C-9152-4ABE-800B-51BD9BD7B5AD}.Release|Any CPU.Build.0 = Release|Any CPU
		{8A640829-BF6E-475B-8CA2-826C6E5DEE1F}.Debug|Any CPU.ActiveCfg = Debug|Any CPU
		{8A640829-BF6E-475B-8CA2-826C6E5DEE1F}.Debug|Any CPU.Build.0 = Debug|Any CPU
		{8A640829-BF6E-475B-8CA2-826C6E5DEE1F}.Release|Any CPU.ActiveCfg = Release|Any CPU
		{8A640829-BF6E-475B-8CA2-826C6E5DEE1F}.Release|Any CPU.Build.0 = Release|Any CPU
		{F3172FF0-7280-48D3-A669-49F6A856138D}.Debug|Any CPU.ActiveCfg = Debug|Any CPU
		{F3172FF0-7280-48D3-A669-49F6A856138D}.Debug|Any CPU.Build.0 = Debug|Any CPU
		{F3172FF0-7280-48D3-A669-49F6A856138D}.Release|Any CPU.ActiveCfg = Release|Any CPU
		{F3172FF0-7280-48D3-A669-49F6A856138D}.Release|Any CPU.Build.0 = Release|Any CPU
		{C761BD07-1D6F-464F-BE2D-2BC2995A2CE2}.Debug|Any CPU.ActiveCfg = Debug|Any CPU
		{C761BD07-1D6F-464F-BE2D-2BC2995A2CE2}.Debug|Any CPU.Build.0 = Debug|Any CPU
		{C761BD07-1D6F-464F-BE2D-2BC2995A2CE2}.Release|Any CPU.ActiveCfg = Release|Any CPU
		{C761BD07-1D6F-464F-BE2D-2BC2995A2CE2}.Release|Any CPU.Build.0 = Release|Any CPU
		{BF71F457-87A2-436A-90C4-683A86615C3B}.Debug|Any CPU.ActiveCfg = Debug|Any CPU
		{BF71F457-87A2-436A-90C4-683A86615C3B}.Debug|Any CPU.Build.0 = Debug|Any CPU
		{BF71F457-87A2-436A-90C4-683A86615C3B}.Release|Any CPU.ActiveCfg = Release|Any CPU
		{BF71F457-87A2-436A-90C4-683A86615C3B}.Release|Any CPU.Build.0 = Release|Any CPU
		{B663F566-44F5-464E-91F6-A1C504BBB0CD}.Debug|Any CPU.ActiveCfg = Debug|Any CPU
		{B663F566-44F5-464E-91F6-A1C504BBB0CD}.Debug|Any CPU.Build.0 = Debug|Any CPU
		{B663F566-44F5-464E-91F6-A1C504BBB0CD}.Release|Any CPU.ActiveCfg = Release|Any CPU
		{B663F566-44F5-464E-91F6-A1C504BBB0CD}.Release|Any CPU.Build.0 = Release|Any CPU
		{41009216-9E4D-41D1-AB24-7A8AAF347AEE}.Debug|Any CPU.ActiveCfg = Debug|Any CPU
		{41009216-9E4D-41D1-AB24-7A8AAF347AEE}.Debug|Any CPU.Build.0 = Debug|Any CPU
		{41009216-9E4D-41D1-AB24-7A8AAF347AEE}.Release|Any CPU.ActiveCfg = Release|Any CPU
		{41009216-9E4D-41D1-AB24-7A8AAF347AEE}.Release|Any CPU.Build.0 = Release|Any CPU
		{739EE9DE-312C-4E3E-9A6E-295EA67A65CA}.Debug|Any CPU.ActiveCfg = Debug|Any CPU
		{739EE9DE-312C-4E3E-9A6E-295EA67A65CA}.Debug|Any CPU.Build.0 = Debug|Any CPU
		{739EE9DE-312C-4E3E-9A6E-295EA67A65CA}.Release|Any CPU.ActiveCfg = Release|Any CPU
		{739EE9DE-312C-4E3E-9A6E-295EA67A65CA}.Release|Any CPU.Build.0 = Release|Any CPU
		{CADD4214-0838-4AD4-8C38-D82D0F25A761}.Debug|Any CPU.ActiveCfg = Debug|Any CPU
		{CADD4214-0838-4AD4-8C38-D82D0F25A761}.Debug|Any CPU.Build.0 = Debug|Any CPU
		{CADD4214-0838-4AD4-8C38-D82D0F25A761}.Release|Any CPU.ActiveCfg = Release|Any CPU
		{CADD4214-0838-4AD4-8C38-D82D0F25A761}.Release|Any CPU.Build.0 = Release|Any CPU
		{A8501BE2-E749-448C-86FA-9CB98B0BB63F}.Debug|Any CPU.ActiveCfg = Debug|Any CPU
		{A8501BE2-E749-448C-86FA-9CB98B0BB63F}.Debug|Any CPU.Build.0 = Debug|Any CPU
		{A8501BE2-E749-448C-86FA-9CB98B0BB63F}.Release|Any CPU.ActiveCfg = Release|Any CPU
		{A8501BE2-E749-448C-86FA-9CB98B0BB63F}.Release|Any CPU.Build.0 = Release|Any CPU
		{C68B0C58-48F4-4B44-AA17-829A7B098194}.Debug|Any CPU.ActiveCfg = Debug|Any CPU
		{C68B0C58-48F4-4B44-AA17-829A7B098194}.Debug|Any CPU.Build.0 = Debug|Any CPU
		{C68B0C58-48F4-4B44-AA17-829A7B098194}.Release|Any CPU.ActiveCfg = Release|Any CPU
		{C68B0C58-48F4-4B44-AA17-829A7B098194}.Release|Any CPU.Build.0 = Release|Any CPU
		{AF883360-1EC3-4238-921E-C2B456C3C7E7}.Debug|Any CPU.ActiveCfg = Debug|Any CPU
		{AF883360-1EC3-4238-921E-C2B456C3C7E7}.Debug|Any CPU.Build.0 = Debug|Any CPU
		{AF883360-1EC3-4238-921E-C2B456C3C7E7}.Release|Any CPU.ActiveCfg = Release|Any CPU
		{AF883360-1EC3-4238-921E-C2B456C3C7E7}.Release|Any CPU.Build.0 = Release|Any CPU
		{F290331E-632F-45D9-AC29-9160657FFE1E}.Debug|Any CPU.ActiveCfg = Debug|Any CPU
		{F290331E-632F-45D9-AC29-9160657FFE1E}.Debug|Any CPU.Build.0 = Debug|Any CPU
		{F290331E-632F-45D9-AC29-9160657FFE1E}.Release|Any CPU.ActiveCfg = Release|Any CPU
		{F290331E-632F-45D9-AC29-9160657FFE1E}.Release|Any CPU.Build.0 = Release|Any CPU
		{8D14A216-8560-45C8-8F2F-E6E6B638443A}.Debug|Any CPU.ActiveCfg = Debug|Any CPU
		{8D14A216-8560-45C8-8F2F-E6E6B638443A}.Debug|Any CPU.Build.0 = Debug|Any CPU
		{8D14A216-8560-45C8-8F2F-E6E6B638443A}.Release|Any CPU.ActiveCfg = Release|Any CPU
		{8D14A216-8560-45C8-8F2F-E6E6B638443A}.Release|Any CPU.Build.0 = Release|Any CPU
		{B403FC47-B79C-4BE5-BE93-B501CAEF5106}.Debug|Any CPU.ActiveCfg = Debug|Any CPU
		{B403FC47-B79C-4BE5-BE93-B501CAEF5106}.Debug|Any CPU.Build.0 = Debug|Any CPU
		{B403FC47-B79C-4BE5-BE93-B501CAEF5106}.Release|Any CPU.ActiveCfg = Release|Any CPU
		{B403FC47-B79C-4BE5-BE93-B501CAEF5106}.Release|Any CPU.Build.0 = Release|Any CPU
		{D4075245-DA2D-46B8-84FC-93F675BAA400}.Debug|Any CPU.ActiveCfg = Debug|Any CPU
		{D4075245-DA2D-46B8-84FC-93F675BAA400}.Debug|Any CPU.Build.0 = Debug|Any CPU
		{D4075245-DA2D-46B8-84FC-93F675BAA400}.Release|Any CPU.ActiveCfg = Release|Any CPU
		{D4075245-DA2D-46B8-84FC-93F675BAA400}.Release|Any CPU.Build.0 = Release|Any CPU
		{3CB43C56-4383-4237-B5C0-4090FB8E755C}.Debug|Any CPU.ActiveCfg = Debug|Any CPU
		{3CB43C56-4383-4237-B5C0-4090FB8E755C}.Debug|Any CPU.Build.0 = Debug|Any CPU
		{3CB43C56-4383-4237-B5C0-4090FB8E755C}.Release|Any CPU.ActiveCfg = Release|Any CPU
		{3CB43C56-4383-4237-B5C0-4090FB8E755C}.Release|Any CPU.Build.0 = Release|Any CPU
		{0E596FFD-4B99-4D36-8363-B599E8D75373}.Debug|Any CPU.ActiveCfg = Debug|Any CPU
		{0E596FFD-4B99-4D36-8363-B599E8D75373}.Debug|Any CPU.Build.0 = Debug|Any CPU
		{0E596FFD-4B99-4D36-8363-B599E8D75373}.Release|Any CPU.ActiveCfg = Release|Any CPU
		{0E596FFD-4B99-4D36-8363-B599E8D75373}.Release|Any CPU.Build.0 = Release|Any CPU
		{A2433E9E-6C40-4458-BE49-3BC9EA6461C7}.Debug|Any CPU.ActiveCfg = Debug|Any CPU
		{A2433E9E-6C40-4458-BE49-3BC9EA6461C7}.Debug|Any CPU.Build.0 = Debug|Any CPU
		{A2433E9E-6C40-4458-BE49-3BC9EA6461C7}.Release|Any CPU.ActiveCfg = Release|Any CPU
		{A2433E9E-6C40-4458-BE49-3BC9EA6461C7}.Release|Any CPU.Build.0 = Release|Any CPU
		{7E7B99FE-1EE9-4586-AEEB-D9F9B777D28F}.Debug|Any CPU.ActiveCfg = Debug|Any CPU
		{7E7B99FE-1EE9-4586-AEEB-D9F9B777D28F}.Debug|Any CPU.Build.0 = Debug|Any CPU
		{7E7B99FE-1EE9-4586-AEEB-D9F9B777D28F}.Release|Any CPU.ActiveCfg = Release|Any CPU
		{7E7B99FE-1EE9-4586-AEEB-D9F9B777D28F}.Release|Any CPU.Build.0 = Release|Any CPU
		{3C75C1EE-F875-417F-8379-FA733D3FC650}.Debug|Any CPU.ActiveCfg = Debug|Any CPU
		{3C75C1EE-F875-417F-8379-FA733D3FC650}.Debug|Any CPU.Build.0 = Debug|Any CPU
		{3C75C1EE-F875-417F-8379-FA733D3FC650}.Release|Any CPU.ActiveCfg = Release|Any CPU
		{3C75C1EE-F875-417F-8379-FA733D3FC650}.Release|Any CPU.Build.0 = Release|Any CPU
		{FAEC1507-DAD4-4E59-A30F-3AFDC1C809F9}.Debug|Any CPU.ActiveCfg = Debug|Any CPU
		{FAEC1507-DAD4-4E59-A30F-3AFDC1C809F9}.Debug|Any CPU.Build.0 = Debug|Any CPU
		{FAEC1507-DAD4-4E59-A30F-3AFDC1C809F9}.Release|Any CPU.ActiveCfg = Release|Any CPU
		{FAEC1507-DAD4-4E59-A30F-3AFDC1C809F9}.Release|Any CPU.Build.0 = Release|Any CPU
		{2230B848-819F-460B-8F47-36520AEE8D3C}.Debug|Any CPU.ActiveCfg = Debug|Any CPU
		{2230B848-819F-460B-8F47-36520AEE8D3C}.Debug|Any CPU.Build.0 = Debug|Any CPU
		{2230B848-819F-460B-8F47-36520AEE8D3C}.Release|Any CPU.ActiveCfg = Release|Any CPU
		{2230B848-819F-460B-8F47-36520AEE8D3C}.Release|Any CPU.Build.0 = Release|Any CPU
		{D60ED6E9-DD4D-4426-B40B-64D1B8803E49}.Debug|Any CPU.ActiveCfg = Debug|Any CPU
		{D60ED6E9-DD4D-4426-B40B-64D1B8803E49}.Debug|Any CPU.Build.0 = Debug|Any CPU
		{D60ED6E9-DD4D-4426-B40B-64D1B8803E49}.Release|Any CPU.ActiveCfg = Release|Any CPU
		{D60ED6E9-DD4D-4426-B40B-64D1B8803E49}.Release|Any CPU.Build.0 = Release|Any CPU
		{3712F466-96C7-4220-839E-BADE5218ECC9}.Debug|Any CPU.ActiveCfg = Debug|Any CPU
		{3712F466-96C7-4220-839E-BADE5218ECC9}.Debug|Any CPU.Build.0 = Debug|Any CPU
		{3712F466-96C7-4220-839E-BADE5218ECC9}.Release|Any CPU.ActiveCfg = Release|Any CPU
		{3712F466-96C7-4220-839E-BADE5218ECC9}.Release|Any CPU.Build.0 = Release|Any CPU
		{3F33353C-57E8-4A4D-8868-BDCA9D946CF7}.Debug|Any CPU.ActiveCfg = Debug|Any CPU
		{3F33353C-57E8-4A4D-8868-BDCA9D946CF7}.Debug|Any CPU.Build.0 = Debug|Any CPU
		{3F33353C-57E8-4A4D-8868-BDCA9D946CF7}.Release|Any CPU.ActiveCfg = Release|Any CPU
		{3F33353C-57E8-4A4D-8868-BDCA9D946CF7}.Release|Any CPU.Build.0 = Release|Any CPU
		{44DCEE9C-0F54-44B3-89F8-E37B9F619A8C}.Debug|Any CPU.ActiveCfg = Debug|Any CPU
		{44DCEE9C-0F54-44B3-89F8-E37B9F619A8C}.Debug|Any CPU.Build.0 = Debug|Any CPU
		{44DCEE9C-0F54-44B3-89F8-E37B9F619A8C}.Release|Any CPU.ActiveCfg = Release|Any CPU
		{44DCEE9C-0F54-44B3-89F8-E37B9F619A8C}.Release|Any CPU.Build.0 = Release|Any CPU
		{0F6DC714-4C6F-450B-8356-50F442A01E1A}.Debug|Any CPU.ActiveCfg = Debug|Any CPU
		{0F6DC714-4C6F-450B-8356-50F442A01E1A}.Debug|Any CPU.Build.0 = Debug|Any CPU
		{0F6DC714-4C6F-450B-8356-50F442A01E1A}.Release|Any CPU.ActiveCfg = Release|Any CPU
		{0F6DC714-4C6F-450B-8356-50F442A01E1A}.Release|Any CPU.Build.0 = Release|Any CPU
		{607A14CE-24CB-4A5F-815D-BD5E947741CD}.Debug|Any CPU.ActiveCfg = Debug|Any CPU
		{607A14CE-24CB-4A5F-815D-BD5E947741CD}.Debug|Any CPU.Build.0 = Debug|Any CPU
		{607A14CE-24CB-4A5F-815D-BD5E947741CD}.Release|Any CPU.ActiveCfg = Release|Any CPU
		{607A14CE-24CB-4A5F-815D-BD5E947741CD}.Release|Any CPU.Build.0 = Release|Any CPU
		{01AE5D24-8F05-4559-9D70-E40967E8F34B}.Debug|Any CPU.ActiveCfg = Debug|Any CPU
		{01AE5D24-8F05-4559-9D70-E40967E8F34B}.Debug|Any CPU.Build.0 = Debug|Any CPU
		{01AE5D24-8F05-4559-9D70-E40967E8F34B}.Release|Any CPU.ActiveCfg = Release|Any CPU
		{01AE5D24-8F05-4559-9D70-E40967E8F34B}.Release|Any CPU.Build.0 = Release|Any CPU
		{8DCED28E-7AC7-4C55-B115-9AE9D6FF65D6}.Debug|Any CPU.ActiveCfg = Debug|Any CPU
		{8DCED28E-7AC7-4C55-B115-9AE9D6FF65D6}.Debug|Any CPU.Build.0 = Debug|Any CPU
		{8DCED28E-7AC7-4C55-B115-9AE9D6FF65D6}.Release|Any CPU.ActiveCfg = Release|Any CPU
		{8DCED28E-7AC7-4C55-B115-9AE9D6FF65D6}.Release|Any CPU.Build.0 = Release|Any CPU
		{9B6BE4F7-56E1-4DE3-A2BE-5049D0C5BD59}.Debug|Any CPU.ActiveCfg = Debug|Any CPU
		{9B6BE4F7-56E1-4DE3-A2BE-5049D0C5BD59}.Debug|Any CPU.Build.0 = Debug|Any CPU
		{9B6BE4F7-56E1-4DE3-A2BE-5049D0C5BD59}.Release|Any CPU.ActiveCfg = Release|Any CPU
		{9B6BE4F7-56E1-4DE3-A2BE-5049D0C5BD59}.Release|Any CPU.Build.0 = Release|Any CPU
	EndGlobalSection
	GlobalSection(SolutionProperties) = preSolution
		HideSolutionNode = FALSE
	EndGlobalSection
	GlobalSection(NestedProjects) = preSolution
		{7006EE3D-5BA4-46D3-B4EE-D391A73DC212} = {AC1A5E03-987D-41B3-85D1-5885A83648AA}
		{6D43DA81-1913-4A85-AC4D-0713C7C26451} = {AC1A5E03-987D-41B3-85D1-5885A83648AA}
		{2F78236C-ACB7-4276-BEC9-384731BBF8AC} = {AC1A5E03-987D-41B3-85D1-5885A83648AA}
		{D8A84C30-8693-46B5-B0A1-55B91427DA07} = {AC1A5E03-987D-41B3-85D1-5885A83648AA}
		{E9DAA187-88C7-46D0-8098-2A50A48B1264} = {AC1A5E03-987D-41B3-85D1-5885A83648AA}
		{46D71971-6AD0-4310-A590-100986EFBC05} = {AC1A5E03-987D-41B3-85D1-5885A83648AA}
		{1D364296-6628-486E-AA22-8D6DFFD8A385} = {AC1A5E03-987D-41B3-85D1-5885A83648AA}
		{09FD1300-34A2-47B0-A388-FF2B03FDDE84} = {AC1A5E03-987D-41B3-85D1-5885A83648AA}
		{0B8DFD26-43A2-49BF-B8D6-C1388FEDEDDE} = {AC1A5E03-987D-41B3-85D1-5885A83648AA}
		{9A94DF1D-DC06-4802-A166-79C52AEABF38} = {AC1A5E03-987D-41B3-85D1-5885A83648AA}
		{088C3254-31EF-4893-87CF-BA0CF2B9C16E} = {AC1A5E03-987D-41B3-85D1-5885A83648AA}
		{4AC8D61C-9152-4ABE-800B-51BD9BD7B5AD} = {AC1A5E03-987D-41B3-85D1-5885A83648AA}
		{8A640829-BF6E-475B-8CA2-826C6E5DEE1F} = {AC1A5E03-987D-41B3-85D1-5885A83648AA}
		{F3172FF0-7280-48D3-A669-49F6A856138D} = {AC1A5E03-987D-41B3-85D1-5885A83648AA}
		{C761BD07-1D6F-464F-BE2D-2BC2995A2CE2} = {AC1A5E03-987D-41B3-85D1-5885A83648AA}
		{BF71F457-87A2-436A-90C4-683A86615C3B} = {AC1A5E03-987D-41B3-85D1-5885A83648AA}
		{B663F566-44F5-464E-91F6-A1C504BBB0CD} = {AC1A5E03-987D-41B3-85D1-5885A83648AA}
		{41009216-9E4D-41D1-AB24-7A8AAF347AEE} = {AC1A5E03-987D-41B3-85D1-5885A83648AA}
		{739EE9DE-312C-4E3E-9A6E-295EA67A65CA} = {AC1A5E03-987D-41B3-85D1-5885A83648AA}
		{CADD4214-0838-4AD4-8C38-D82D0F25A761} = {AC1A5E03-987D-41B3-85D1-5885A83648AA}
		{A8501BE2-E749-448C-86FA-9CB98B0BB63F} = {AC1A5E03-987D-41B3-85D1-5885A83648AA}
		{C68B0C58-48F4-4B44-AA17-829A7B098194} = {AC1A5E03-987D-41B3-85D1-5885A83648AA}
		{AF883360-1EC3-4238-921E-C2B456C3C7E7} = {AC1A5E03-987D-41B3-85D1-5885A83648AA}
		{F290331E-632F-45D9-AC29-9160657FFE1E} = {AC1A5E03-987D-41B3-85D1-5885A83648AA}
		{8D14A216-8560-45C8-8F2F-E6E6B638443A} = {AC1A5E03-987D-41B3-85D1-5885A83648AA}
		{B403FC47-B79C-4BE5-BE93-B501CAEF5106} = {AC1A5E03-987D-41B3-85D1-5885A83648AA}
		{D4075245-DA2D-46B8-84FC-93F675BAA400} = {AC1A5E03-987D-41B3-85D1-5885A83648AA}
		{3CB43C56-4383-4237-B5C0-4090FB8E755C} = {AC1A5E03-987D-41B3-85D1-5885A83648AA}
		{0E596FFD-4B99-4D36-8363-B599E8D75373} = {AC1A5E03-987D-41B3-85D1-5885A83648AA}
		{A2433E9E-6C40-4458-BE49-3BC9EA6461C7} = {AC1A5E03-987D-41B3-85D1-5885A83648AA}
		{7E7B99FE-1EE9-4586-AEEB-D9F9B777D28F} = {AC1A5E03-987D-41B3-85D1-5885A83648AA}
		{3C75C1EE-F875-417F-8379-FA733D3FC650} = {AC1A5E03-987D-41B3-85D1-5885A83648AA}
		{FAEC1507-DAD4-4E59-A30F-3AFDC1C809F9} = {AC1A5E03-987D-41B3-85D1-5885A83648AA}
		{2230B848-819F-460B-8F47-36520AEE8D3C} = {AC1A5E03-987D-41B3-85D1-5885A83648AA}
		{D60ED6E9-DD4D-4426-B40B-64D1B8803E49} = {AC1A5E03-987D-41B3-85D1-5885A83648AA}
		{3712F466-96C7-4220-839E-BADE5218ECC9} = {AC1A5E03-987D-41B3-85D1-5885A83648AA}
		{3F33353C-57E8-4A4D-8868-BDCA9D946CF7} = {AC1A5E03-987D-41B3-85D1-5885A83648AA}
		{44DCEE9C-0F54-44B3-89F8-E37B9F619A8C} = {AC1A5E03-987D-41B3-85D1-5885A83648AA}
		{0F6DC714-4C6F-450B-8356-50F442A01E1A} = {AC1A5E03-987D-41B3-85D1-5885A83648AA}
		{607A14CE-24CB-4A5F-815D-BD5E947741CD} = {AC1A5E03-987D-41B3-85D1-5885A83648AA}
		{01AE5D24-8F05-4559-9D70-E40967E8F34B} = {AC1A5E03-987D-41B3-85D1-5885A83648AA}
		{8DCED28E-7AC7-4C55-B115-9AE9D6FF65D6} = {AC1A5E03-987D-41B3-85D1-5885A83648AA}
		{9B6BE4F7-56E1-4DE3-A2BE-5049D0C5BD59} = {AC1A5E03-987D-41B3-85D1-5885A83648AA}
	EndGlobalSection
	GlobalSection(ExtensibilityGlobals) = postSolution
		SolutionGuid = {AF4ACFD8-ED46-4E36-98BF-1DD6B6A37AE8}
	EndGlobalSection
EndGlobal
