
Microsoft Visual Studio Solution File, Format Version 12.00
# Visual Studio Version 16
VisualStudioVersion = 16.0.30104.148
MinimumVisualStudioVersion = 10.0.40219.1
Project("{9A19103F-16F7-4668-BE54-9A1E7A4F7556}") = "BetterIOT.Service", "BetterIOT.Service.csproj", "{976B5CE0-F1DB-4E2A-96C3-B4B342CBE86E}"
EndProject
Project("{9A19103F-16F7-4668-BE54-9A1E7A4F7556}") = "BetterIOT.Common", "..\BetterIOT.Common\BetterIOT.Common.csproj", "{4371D4CD-8FBD-4AE6-93F3-78E5BB67A457}"
EndProject
Project("{2150E333-8FDC-42A3-9474-1A3956D46DE8}") = "Drive", "Drive", "{AC1A5E03-987D-41B3-85D1-5885A83648AA}"
EndProject
Project("{9A19103F-16F7-4668-BE54-9A1E7A4F7556}") = "Drive.ModbusRTU", "..\Drive\Drive.ModbusRTU\Drive.ModbusRTU.csproj", "{7006EE3D-5BA4-46D3-B4EE-D391A73DC212}"
EndProject
Project("{9A19103F-16F7-4668-BE54-9A1E7A4F7556}") = "Drive.DLT645", "..\Drive\Drive.DLT645\Drive.DLT645.csproj", "{6D43DA81-1913-4A85-AC4D-0713C7C26451}"
EndProject
Project("{9A19103F-16F7-4668-BE54-9A1E7A4F7556}") = "Drive.GBxfxy", "..\Drive\Drive.GBxfxy\Drive.GBxfxy.csproj", "{2F78236C-ACB7-4276-BEC9-384731BBF8AC}"
EndProject
Project("{FAE04EC0-301F-11D3-BF4B-00C04F79EFBC}") = "Drive.Siemens.PLC.S7Net", "..\Drive\Drive.Siemens.PLC.S7Net\Drive.Siemens.PLC.S7Net.csproj", "{D8A84C30-8693-46B5-B0A1-55B91427DA07}"
EndProject
Project("{FAE04EC0-301F-11D3-BF4B-00C04F79EFBC}") = "Drive.Siemens.PLC.FetchWrite", "..\Drive\Drive.Siemens.FetchWrite\Drive.Siemens.PLC.FetchWrite.csproj", "{E9DAA187-88C7-46D0-8098-2A50A48B1264}"
EndProject
Project("{FAE04EC0-301F-11D3-BF4B-00C04F79EFBC}") = "Drive.Siemens.PLC.MPI", "..\Drive\Drive.Siemens.PLC.MPI\Drive.Siemens.PLC.MPI.csproj", "{46D71971-6AD0-4310-A590-100986EFBC05}"
EndProject
Project("{FAE04EC0-301F-11D3-BF4B-00C04F79EFBC}") = "Drive.Siemens.PLC.PPI", "..\Drive\Drive.Siemens.PLC.PPI\Drive.Siemens.PLC.PPI.csproj", "{1D364296-6628-486E-AA22-8D6DFFD8A385}"
EndProject
Project("{FAE04EC0-301F-11D3-BF4B-00C04F79EFBC}") = "Drive.Siemens.PLC.PPIOverTcp", "..\Drive\Drive.Siemens.PLC.PPIOverTcp\Drive.Siemens.PLC.PPIOverTcp.csproj", "{09FD1300-34A2-47B0-A388-FF2B03FDDE84}"
EndProject
Global
	GlobalSection(SolutionConfigurationPlatforms) = preSolution
		Debug|Any CPU = Debug|Any CPU
		Release|Any CPU = Release|Any CPU
	EndGlobalSection
	GlobalSection(ProjectConfigurationPlatforms) = postSolution
		{976B5CE0-F1DB-4E2A-96C3-B4B342CBE86E}.Debug|Any CPU.ActiveCfg = Debug|Any CPU
		{976B5CE0-F1DB-4E2A-96C3-B4B342CBE86E}.Debug|Any CPU.Build.0 = Debug|Any CPU
		{976B5CE0-F1DB-4E2A-96C3-B4B342CBE86E}.Release|Any CPU.ActiveCfg = Release|Any CPU
		{976B5CE0-F1DB-4E2A-96C3-B4B342CBE86E}.Release|Any CPU.Build.0 = Release|Any CPU
		{4371D4CD-8FBD-4AE6-93F3-78E5BB67A457}.Debug|Any CPU.ActiveCfg = Debug|Any CPU
		{4371D4CD-8FBD-4AE6-93F3-78E5BB67A457}.Debug|Any CPU.Build.0 = Debug|Any CPU
		{4371D4CD-8FBD-4AE6-93F3-78E5BB67A457}.Release|Any CPU.ActiveCfg = Release|Any CPU
		{4371D4CD-8FBD-4AE6-93F3-78E5BB67A457}.Release|Any CPU.Build.0 = Release|Any CPU
		{7006EE3D-5BA4-46D3-B4EE-D391A73DC212}.Debug|Any CPU.ActiveCfg = Debug|Any CPU
		{7006EE3D-5BA4-46D3-B4EE-D391A73DC212}.Debug|Any CPU.Build.0 = Debug|Any CPU
		{7006EE3D-5BA4-46D3-B4EE-D391A73DC212}.Release|Any CPU.ActiveCfg = Release|Any CPU
		{7006EE3D-5BA4-46D3-B4EE-D391A73DC212}.Release|Any CPU.Build.0 = Release|Any CPU
		{6D43DA81-1913-4A85-AC4D-0713C7C26451}.Debug|Any CPU.ActiveCfg = Debug|Any CPU
		{6D43DA81-1913-4A85-AC4D-0713C7C26451}.Debug|Any CPU.Build.0 = Debug|Any CPU
		{6D43DA81-1913-4A85-AC4D-0713C7C26451}.Release|Any CPU.ActiveCfg = Release|Any CPU
		{6D43DA81-1913-4A85-AC4D-0713C7C26451}.Release|Any CPU.Build.0 = Release|Any CPU
		{2F78236C-ACB7-4276-BEC9-384731BBF8AC}.Debug|Any CPU.ActiveCfg = Debug|Any CPU
		{2F78236C-ACB7-4276-BEC9-384731BBF8AC}.Debug|Any CPU.Build.0 = Debug|Any CPU
		{2F78236C-ACB7-4276-BEC9-384731BBF8AC}.Release|Any CPU.ActiveCfg = Release|Any CPU
		{2F78236C-ACB7-4276-BEC9-384731BBF8AC}.Release|Any CPU.Build.0 = Release|Any CPU
		{D8A84C30-8693-46B5-B0A1-55B91427DA07}.Debug|Any CPU.ActiveCfg = Debug|Any CPU
		{D8A84C30-8693-46B5-B0A1-55B91427DA07}.Debug|Any CPU.Build.0 = Debug|Any CPU
		{D8A84C30-8693-46B5-B0A1-55B91427DA07}.Release|Any CPU.ActiveCfg = Release|Any CPU
		{D8A84C30-8693-46B5-B0A1-55B91427DA07}.Release|Any CPU.Build.0 = Release|Any CPU
		{E9DAA187-88C7-46D0-8098-2A50A48B1264}.Debug|Any CPU.ActiveCfg = Debug|Any CPU
		{E9DAA187-88C7-46D0-8098-2A50A48B1264}.Debug|Any CPU.Build.0 = Debug|Any CPU
		{E9DAA187-88C7-46D0-8098-2A50A48B1264}.Release|Any CPU.ActiveCfg = Release|Any CPU
		{E9DAA187-88C7-46D0-8098-2A50A48B1264}.Release|Any CPU.Build.0 = Release|Any CPU
		{46D71971-6AD0-4310-A590-100986EFBC05}.Debug|Any CPU.ActiveCfg = Debug|Any CPU
		{46D71971-6AD0-4310-A590-100986EFBC05}.Debug|Any CPU.Build.0 = Debug|Any CPU
		{46D71971-6AD0-4310-A590-100986EFBC05}.Release|Any CPU.ActiveCfg = Release|Any CPU
		{46D71971-6AD0-4310-A590-100986EFBC05}.Release|Any CPU.Build.0 = Release|Any CPU
		{1D364296-6628-486E-AA22-8D6DFFD8A385}.Debug|Any CPU.ActiveCfg = Debug|Any CPU
		{1D364296-6628-486E-AA22-8D6DFFD8A385}.Debug|Any CPU.Build.0 = Debug|Any CPU
		{1D364296-6628-486E-AA22-8D6DFFD8A385}.Release|Any CPU.ActiveCfg = Release|Any CPU
		{1D364296-6628-486E-AA22-8D6DFFD8A385}.Release|Any CPU.Build.0 = Release|Any CPU
		{09FD1300-34A2-47B0-A388-FF2B03FDDE84}.Debug|Any CPU.ActiveCfg = Debug|Any CPU
		{09FD1300-34A2-47B0-A388-FF2B03FDDE84}.Debug|Any CPU.Build.0 = Debug|Any CPU
		{09FD1300-34A2-47B0-A388-FF2B03FDDE84}.Release|Any CPU.ActiveCfg = Release|Any CPU
		{09FD1300-34A2-47B0-A388-FF2B03FDDE84}.Release|Any CPU.Build.0 = Release|Any CPU
	EndGlobalSection
	GlobalSection(SolutionProperties) = preSolution
		HideSolutionNode = FALSE
	EndGlobalSection
	GlobalSection(NestedProjects) = preSolution
		{7006EE3D-5BA4-46D3-B4EE-D391A73DC212} = {AC1A5E03-987D-41B3-85D1-5885A83648AA}
		{6D43DA81-1913-4A85-AC4D-0713C7C26451} = {AC1A5E03-987D-41B3-85D1-5885A83648AA}
		{2F78236C-ACB7-4276-BEC9-384731BBF8AC} = {AC1A5E03-987D-41B3-85D1-5885A83648AA}
		{D8A84C30-8693-46B5-B0A1-55B91427DA07} = {AC1A5E03-987D-41B3-85D1-5885A83648AA}
		{E9DAA187-88C7-46D0-8098-2A50A48B1264} = {AC1A5E03-987D-41B3-85D1-5885A83648AA}
		{46D71971-6AD0-4310-A590-100986EFBC05} = {AC1A5E03-987D-41B3-85D1-5885A83648AA}
		{1D364296-6628-486E-AA22-8D6DFFD8A385} = {AC1A5E03-987D-41B3-85D1-5885A83648AA}
		{09FD1300-34A2-47B0-A388-FF2B03FDDE84} = {AC1A5E03-987D-41B3-85D1-5885A83648AA}
	EndGlobalSection
	GlobalSection(ExtensibilityGlobals) = postSolution
		SolutionGuid = {AF4ACFD8-ED46-4E36-98BF-1DD6B6A37AE8}
	EndGlobalSection
EndGlobal
